
Microsoft Visual Studio Solution File, Format Version 12.00
# Visual Studio Version 17
VisualStudioVersion = 17.11.35327.3
MinimumVisualStudioVersion = 10.0.40219.1
Project("{FAE04EC0-301F-11D3-BF4B-00C04F79EFBC}") = "CSharpEgitimKampi301.EntityLayer", "CSharpEgitimKampi301.EntityLayer\CSharpEgitimKampi301.EntityLayer.csproj", "{BBD6A860-37C1-44E4-A20C-2E6746AD0417}"
EndProject
Project("{FAE04EC0-301F-11D3-BF4B-00C04F79EFBC}") = "CSharpEgitimKampi301.DataAccessLayer", "CSharpEgitimKampi301.DataAccessLayer\CSharpEgitimKampi301.DataAccessLayer.csproj", "{C51753A5-03CF-456B-8069-E712CB6D56B7}"
EndProject
Project("{FAE04EC0-301F-11D3-BF4B-00C04F79EFBC}") = "CSharpEgitimKampi301.BusinessLayer", "CSharpEgitimKampi301.BusinessLayer\CSharpEgitimKampi301.BusinessLayer.csproj", "{919CBEFF-6849-4749-AC94-E3F1C706549F}"
EndProject
Project("{FAE04EC0-301F-11D3-BF4B-00C04F79EFBC}") = "CSharpEgitimKampi301.PresentationLayer", "CSharpEgitimKampi301.PresentationLayer\CSharpEgitimKampi301.PresentationLayer.csproj", "{7162D31A-35CE-413F-A2F8-C271CFEC9B3D}"
EndProject
Global
	GlobalSection(SolutionConfigurationPlatforms) = preSolution
		Debug|Any CPU = Debug|Any CPU
		Release|Any CPU = Release|Any CPU
	EndGlobalSection
	GlobalSection(ProjectConfigurationPlatforms) = postSolution
		{BBD6A860-37C1-44E4-A20C-2E6746AD0417}.Debug|Any CPU.ActiveCfg = Debug|Any CPU
		{BBD6A860-37C1-44E4-A20C-2E6746AD0417}.Debug|Any CPU.Build.0 = Debug|Any CPU
		{BBD6A860-37C1-44E4-A20C-2E6746AD0417}.Release|Any CPU.ActiveCfg = Release|Any CPU
		{BBD6A860-37C1-44E4-A20C-2E6746AD0417}.Release|Any CPU.Build.0 = Release|Any CPU
		{C51753A5-03CF-456B-8069-E712CB6D56B7}.Debug|Any CPU.ActiveCfg = Debug|Any CPU
		{C51753A5-03CF-456B-8069-E712CB6D56B7}.Debug|Any CPU.Build.0 = Debug|Any CPU
		{C51753A5-03CF-456B-8069-E712CB6D56B7}.Release|Any CPU.ActiveCfg = Release|Any CPU
		{C51753A5-03CF-456B-8069-E712CB6D56B7}.Release|Any CPU.Build.0 = Release|Any CPU
		{919CBEFF-6849-4749-AC94-E3F1C706549F}.Debug|Any CPU.ActiveCfg = Debug|Any CPU
		{919CBEFF-6849-4749-AC94-E3F1C706549F}.Debug|Any CPU.Build.0 = Debug|Any CPU
		{919CBEFF-6849-4749-AC94-E3F1C706549F}.Release|Any CPU.ActiveCfg = Release|Any CPU
		{919CBEFF-6849-4749-AC94-E3F1C706549F}.Release|Any CPU.Build.0 = Release|Any CPU
		{7162D31A-35CE-413F-A2F8-C271CFEC9B3D}.Debug|Any CPU.ActiveCfg = Debug|Any CPU
		{7162D31A-35CE-413F-A2F8-C271CFEC9B3D}.Debug|Any CPU.Build.0 = Debug|Any CPU
		{7162D31A-35CE-413F-A2F8-C271CFEC9B3D}.Release|Any CPU.ActiveCfg = Release|Any CPU
		{7162D31A-35CE-413F-A2F8-C271CFEC9B3D}.Release|Any CPU.Build.0 = Release|Any CPU
	EndGlobalSection
	GlobalSection(SolutionProperties) = preSolution
		HideSolutionNode = FALSE
	EndGlobalSection
	GlobalSection(ExtensibilityGlobals) = postSolution
		SolutionGuid = {225AB0FE-63F4-4424-A153-EBF4D2FB1113}
	EndGlobalSection
EndGlobal
